
Microsoft Visual Studio Solution File, Format Version 12.00
# Visual Studio Version 17
VisualStudioVersion = 17.4.33213.308
MinimumVisualStudioVersion = 10.0.40219.1
Project("{FAE04EC0-301F-11D3-BF4B-00C04F79EFBC}") = "StructureApp", "StructureApp\StructureApp.csproj", "{EE946FBA-755B-49AB-BF9F-8402FFA07F76}"
EndProject
Global
	GlobalSection(SolutionConfigurationPlatforms) = preSolution
		Debug|Any CPU = Debug|Any CPU
		Release|Any CPU = Release|Any CPU
	EndGlobalSection
	GlobalSection(ProjectConfigurationPlatforms) = postSolution
		{EE946FBA-755B-49AB-BF9F-8402FFA07F76}.Debug|Any CPU.ActiveCfg = Debug|Any CPU
		{EE946FBA-755B-49AB-BF9F-8402FFA07F76}.Debug|Any CPU.Build.0 = Debug|Any CPU
		{EE946FBA-755B-49AB-BF9F-8402FFA07F76}.Release|Any CPU.ActiveCfg = Release|Any CPU
		{EE946FBA-755B-49AB-BF9F-8402FFA07F76}.Release|Any CPU.Build.0 = Release|Any CPU
	EndGlobalSection
	GlobalSection(SolutionProperties) = preSolution
		HideSolutionNode = FALSE
	EndGlobalSection
	GlobalSection(ExtensibilityGlobals) = postSolution
		SolutionGuid = {DCA3169B-C768-4ACA-9B08-513A45349252}
	EndGlobalSection
EndGlobal
